
Microsoft Visual Studio Solution File, Format Version 12.00
# Visual Studio Version 17
VisualStudioVersion = 17.0.32014.148
MinimumVisualStudioVersion = 10.0.40219.1
Project("{9A19103F-16F7-4668-BE54-9A1E7A4F7556}") = "MtconnectCore", "MtconnectCore\MtconnectCore.csproj", "{56EBAE07-F1E0-4A8F-8B88-DAB1EA682448}"
EndProject
Project("{9A19103F-16F7-4668-BE54-9A1E7A4F7556}") = "MtconnectCoreExample", "MtconnectCoreExample\MtconnectCoreExample.csproj", "{D13FB53F-CAD4-4B02-8ED8-4CEDBD628F98}"
EndProject
Project("{9A19103F-16F7-4668-BE54-9A1E7A4F7556}") = "MtconnectCoreDocumentation", "MtconnectCoreDocumentation\MtconnectCoreDocumentation.csproj", "{C817B34C-3564-4E18-BAFA-6F510DAE24C7}"
EndProject
Project("{2150E333-8FDC-42A3-9474-1A3956D46DE8}") = "Solution Items", "Solution Items", "{D7976F6F-4C05-4AF3-AE67-E4C08B74DCF1}"
	ProjectSection(SolutionItems) = preProject
		.editorconfig = .editorconfig
	EndProjectSection
EndProject
Global
	GlobalSection(SolutionConfigurationPlatforms) = preSolution
		Debug|Any CPU = Debug|Any CPU
		Release|Any CPU = Release|Any CPU
	EndGlobalSection
	GlobalSection(ProjectConfigurationPlatforms) = postSolution
		{56EBAE07-F1E0-4A8F-8B88-DAB1EA682448}.Debug|Any CPU.ActiveCfg = Debug|Any CPU
		{56EBAE07-F1E0-4A8F-8B88-DAB1EA682448}.Debug|Any CPU.Build.0 = Debug|Any CPU
		{56EBAE07-F1E0-4A8F-8B88-DAB1EA682448}.Release|Any CPU.ActiveCfg = Release|Any CPU
		{56EBAE07-F1E0-4A8F-8B88-DAB1EA682448}.Release|Any CPU.Build.0 = Release|Any CPU
		{D13FB53F-CAD4-4B02-8ED8-4CEDBD628F98}.Debug|Any CPU.ActiveCfg = Debug|Any CPU
		{D13FB53F-CAD4-4B02-8ED8-4CEDBD628F98}.Debug|Any CPU.Build.0 = Debug|Any CPU
		{D13FB53F-CAD4-4B02-8ED8-4CEDBD628F98}.Release|Any CPU.ActiveCfg = Release|Any CPU
		{D13FB53F-CAD4-4B02-8ED8-4CEDBD628F98}.Release|Any CPU.Build.0 = Release|Any CPU
		{C817B34C-3564-4E18-BAFA-6F510DAE24C7}.Debug|Any CPU.ActiveCfg = Debug|Any CPU
		{C817B34C-3564-4E18-BAFA-6F510DAE24C7}.Debug|Any CPU.Build.0 = Debug|Any CPU
		{C817B34C-3564-4E18-BAFA-6F510DAE24C7}.Release|Any CPU.ActiveCfg = Release|Any CPU
		{C817B34C-3564-4E18-BAFA-6F510DAE24C7}.Release|Any CPU.Build.0 = Release|Any CPU
	EndGlobalSection
	GlobalSection(SolutionProperties) = preSolution
		HideSolutionNode = FALSE
	EndGlobalSection
	GlobalSection(ExtensibilityGlobals) = postSolution
		SolutionGuid = {120D675D-E2B7-4262-BBCF-3B55AB223E74}
	EndGlobalSection
EndGlobal
